// !$*UTF8*$!
{
	archiveVersion = 1;
	classes = {
	};
	objectVersion = 50;
	objects = {

/* Begin PBXBuildFile section */
		DD28F72C23BE290A00828202 /* AppDelegate.swift in Sources */ = {isa = PBXBuildFile; fileRef = DD28F72B23BE290A00828202 /* AppDelegate.swift */; };
		DD28F72E23BE290A00828202 /* SceneDelegate.swift in Sources */ = {isa = PBXBuildFile; fileRef = DD28F72D23BE290A00828202 /* SceneDelegate.swift */; };
		DD28F73023BE290A00828202 /* ViewController.swift in Sources */ = {isa = PBXBuildFile; fileRef = DD28F72F23BE290A00828202 /* ViewController.swift */; };
		DD28F73323BE290A00828202 /* Main.storyboard in Resources */ = {isa = PBXBuildFile; fileRef = DD28F73123BE290A00828202 /* Main.storyboard */; };
		DD28F73623BE290B00828202 /* Test_github.xcdatamodeld in Sources */ = {isa = PBXBuildFile; fileRef = DD28F73423BE290B00828202 /* Test_github.xcdatamodeld */; };
		DD28F73823BE290C00828202 /* Assets.xcassets in Resources */ = {isa = PBXBuildFile; fileRef = DD28F73723BE290C00828202 /* Assets.xcassets */; };
		DD28F73B23BE290C00828202 /* LaunchScreen.storyboard in Resources */ = {isa = PBXBuildFile; fileRef = DD28F73923BE290C00828202 /* LaunchScreen.storyboard */; };
/* End PBXBuildFile section */

/* Begin PBXFileReference section */
		DD28F72823BE290A00828202 /* Test-github.app */ = {isa = PBXFileReference; explicitFileType = wrapper.application; includeInIndex = 0; path = "Test-github.app"; sourceTree = BUILT_PRODUCTS_DIR; };
		DD28F72B23BE290A00828202 /* AppDelegate.swift */ = {isa = PBXFileReference; lastKnownFileType = sourcecode.swift; path = AppDelegate.swift; sourceTree = "<group>"; };
		DD28F72D23BE290A00828202 /* SceneDelegate.swift */ = {isa = PBXFileReference; lastKnownFileType = sourcecode.swift; path = SceneDelegate.swift; sourceTree = "<group>"; };
		DD28F72F23BE290A00828202 /* ViewController.swift */ = {isa = PBXFileReference; lastKnownFileType = sourcecode.swift; path = ViewController.swift; sourceTree = "<group>"; };
		DD28F73223BE290A00828202 /* Base */ = {isa = PBXFileReference; lastKnownFileType = file.storyboard; name = Base; path = Base.lproj/Main.storyboard; sourceTree = "<group>"; };
		DD28F73523BE290B00828202 /* Test_github.xcdatamodel */ = {isa = PBXFileReference; lastKnownFileType = wrapper.xcdatamodel; path = Test_github.xcdatamodel; sourceTree = "<group>"; };
		DD28F73723BE290C00828202 /* Assets.xcassets */ = {isa = PBXFileReference; lastKnownFileType = folder.assetcatalog; path = Assets.xcassets; sourceTree = "<group>"; };
		DD28F73A23BE290C00828202 /* Base */ = {isa = PBXFileReference; lastKnownFileType = file.storyboard; name = Base; path = Base.lproj/LaunchScreen.storyboard; sourceTree = "<group>"; };
		DD28F73C23BE290C00828202 /* Info.plist */ = {isa = PBXFileReference; lastKnownFileType = text.plist.xml; path = Info.plist; sourceTree = "<group>"; };
/* End PBXFileReference section */

/* Begin PBXFrameworksBuildPhase section */
		DD28F72523BE290A00828202 /* Frameworks */ = {
			isa = PBXFrameworksBuildPhase;
			buildActionMask = 2147483647;
			files = (
			);
			runOnlyForDeploymentPostprocessing = 0;
		};
/* End PBXFrameworksBuildPhase section */

/* Begin PBXGroup section */
		DD28F71F23BE290A00828202 = {
			isa = PBXGroup;
			children = (
				DD28F72A23BE290A00828202 /* Test-github */,
				DD28F72923BE290A00828202 /* Products */,
			);
			sourceTree = "<group>";
		};
		DD28F72923BE290A00828202 /* Products */ = {
			isa = PBXGroup;
			children = (
				DD28F72823BE290A00828202 /* Test-github.app */,
			);
			name = Products;
			sourceTree = "<group>";
		};
		DD28F72A23BE290A00828202 /* Test-github */ = {
			isa = PBXGroup;
			children = (
				DD28F72B23BE290A00828202 /* AppDelegate.swift */,
				DD28F72D23BE290A00828202 /* SceneDelegate.swift */,
				DD28F72F23BE290A00828202 /* ViewController.swift */,
				DD28F73123BE290A00828202 /* Main.storyboard */,
				DD28F73723BE290C00828202 /* Assets.xcassets */,
				DD28F73923BE290C00828202 /* LaunchScreen.storyboard */,
				DD28F73C23BE290C00828202 /* Info.plist */,
				DD28F73423BE290B00828202 /* Test_github.xcdatamodeld */,
			);
			path = "Test-github";
			sourceTree = "<group>";
		};
/* End PBXGroup section */

/* Begin PBXNativeTarget section */
		DD28F72723BE290A00828202 /* Test-github */ = {
			isa = PBXNativeTarget;
			buildConfigurationList = DD28F73F23BE290C00828202 /* Build configuration list for PBXNativeTarget "Test-github" */;
			buildPhases = (
				DD28F72423BE290A00828202 /* Sources */,
				DD28F72523BE290A00828202 /* Frameworks */,
				DD28F72623BE290A00828202 /* Resources */,
			);
			buildRules = (
			);
			dependencies = (
			);
			name = "Test-github";
			productName = "Test-github";
			productReference = DD28F72823BE290A00828202 /* Test-github.app */;
			productType = "com.apple.product-type.application";
		};
/* End PBXNativeTarget section */

/* Begin PBXProject section */
		DD28F72023BE290A00828202 /* Project object */ = {
			isa = PBXProject;
			attributes = {
				LastSwiftUpdateCheck = 1120;
				LastUpgradeCheck = 1120;
				ORGANIZATIONNAME = Quadrant;
				TargetAttributes = {
					DD28F72723BE290A00828202 = {
						CreatedOnToolsVersion = 11.2.1;
					};
				};
			};
			buildConfigurationList = DD28F72323BE290A00828202 /* Build configuration list for PBXProject "Test-github" */;
			compatibilityVersion = "Xcode 9.3";
			developmentRegion = en;
			hasScannedForEncodings = 0;
			knownRegions = (
				en,
				Base,
			);
			mainGroup = DD28F71F23BE290A00828202;
			productRefGroup = DD28F72923BE290A00828202 /* Products */;
			projectDirPath = "";
			projectRoot = "";
			targets = (
				DD28F72723BE290A00828202 /* Test-github */,
			);
		};
/* End PBXProject section */

/* Begin PBXResourcesBuildPhase section */
		DD28F72623BE290A00828202 /* Resources */ = {
			isa = PBXResourcesBuildPhase;
			buildActionMask = 2147483647;
			files = (
				DD28F73B23BE290C00828202 /* LaunchScreen.storyboard in Resources */,
				DD28F73823BE290C00828202 /* Assets.xcassets in Resources */,
				DD28F73323BE290A00828202 /* Main.storyboard in Resources */,
			);
			runOnlyForDeploymentPostprocessing = 0;
		};
/* End PBXResourcesBuildPhase section */

/* Begin PBXSourcesBuildPhase section */
		DD28F72423BE290A00828202 /* Sources */ = {
			isa = PBXSourcesBuildPhase;
			buildActionMask = 2147483647;
			files = (
				DD28F73023BE290A00828202 /* ViewController.swift in Sources */,
				DD28F72C23BE290A00828202 /* AppDelegate.swift in Sources */,
				DD28F73623BE290B00828202 /* Test_github.xcdatamodeld in Sources */,
				DD28F72E23BE290A00828202 /* SceneDelegate.swift in Sources */,
			);
			runOnlyForDeploymentPostprocessing = 0;
		};
/* End PBXSourcesBuildPhase section */

/* Begin PBXVariantGroup section */
		DD28F73123BE290A00828202 /* Main.storyboard */ = {
			isa = PBXVariantGroup;
			children = (
				DD28F73223BE290A00828202 /* Base */,
			);
			name = Main.storyboard;
			sourceTree = "<group>";
		};
		DD28F73923BE290C00828202 /* LaunchScreen.storyboard */ = {
			isa = PBXVariantGroup;
			children = (
				DD28F73A23BE290C00828202 /* Base */,
			);
			name = LaunchScreen.storyboard;
			sourceTree = "<group>";
		};
/* End PBXVariantGroup section */

/* Begin XCBuildConfiguration section */
		DD28F73D23BE290C00828202 /* Debug */ = {
			isa = XCBuildConfiguration;
			buildSettings = {
				ALWAYS_SEARCH_USER_PATHS = NO;
				CLANG_ANALYZER_NONNULL = YES;
				CLANG_ANALYZER_NUMBER_OBJECT_CONVERSION = YES_AGGRESSIVE;
				CLANG_CXX_LANGUAGE_STANDARD = "gnu++14";
				CLANG_CXX_LIBRARY = "libc++";
				CLANG_ENABLE_MODULES = YES;
				CLANG_ENABLE_OBJC_ARC = YES;
				CLANG_ENABLE_OBJC_WEAK = YES;
				CLANG_WARN_BLOCK_CAPTURE_AUTORELEASING = YES;
				CLANG_WARN_BOOL_CONVERSION = YES;
				CLANG_WARN_COMMA = YES;
				CLANG_WARN_CONSTANT_CONVERSION = YES;
				CLANG_WARN_DEPRECATED_OBJC_IMPLEMENTATIONS = YES;
				CLANG_WARN_DIRECT_OBJC_ISA_USAGE = YES_ERROR;
				CLANG_WARN_DOCUMENTATION_COMMENTS = YES;
				CLANG_WARN_EMPTY_BODY = YES;
				CLANG_WARN_ENUM_CONVERSION = YES;
				CLANG_WARN_INFINITE_RECURSION = YES;
				CLANG_WARN_INT_CONVERSION = YES;
				CLANG_WARN_NON_LITERAL_NULL_CONVERSION = YES;
				CLANG_WARN_OBJC_IMPLICIT_RETAIN_SELF = YES;
				CLANG_WARN_OBJC_LITERAL_CONVERSION = YES;
				CLANG_WARN_OBJC_ROOT_CLASS = YES_ERROR;
				CLANG_WARN_RANGE_LOOP_ANALYSIS = YES;
				CLANG_WARN_STRICT_PROTOTYPES = YES;
				CLANG_WARN_SUSPICIOUS_MOVE = YES;
				CLANG_WARN_UNGUARDED_AVAILABILITY = YES_AGGRESSIVE;
				CLANG_WARN_UNREACHABLE_CODE = YES;
				CLANG_WARN__DUPLICATE_METHOD_MATCH = YES;
				COPY_PHASE_STRIP = NO;
				DEBUG_INFORMATION_FORMAT = dwarf;
				ENABLE_STRICT_OBJC_MSGSEND = YES;
				ENABLE_TESTABILITY = YES;
				GCC_C_LANGUAGE_STANDARD = gnu11;
				GCC_DYNAMIC_NO_PIC = NO;
				GCC_NO_COMMON_BLOCKS = YES;
				GCC_OPTIMIZATION_LEVEL = 0;
				GCC_PREPROCESSOR_DEFINITIONS = (
					"DEBUG=1",
					"$(inherited)",
				);
				GCC_WARN_64_TO_32_BIT_CONVERSION = YES;
				GCC_WARN_ABOUT_RETURN_TYPE = YES_ERROR;
				GCC_WARN_UNDECLARED_SELECTOR = YES;
				GCC_WARN_UNINITIALIZED_AUTOS = YES_AGGRESSIVE;
				GCC_WARN_UNUSED_FUNCTION = YES;
				GCC_WARN_UNUSED_VARIABLE = YES;
				IPHONEOS_DEPLOYMENT_TARGET = 13.2;
				MTL_ENABLE_DEBUG_INFO = INCLUDE_SOURCE;
				MTL_FAST_MATH = YES;
				ONLY_ACTIVE_ARCH = YES;
				SDKROOT = iphoneos;
				SWIFT_ACTIVE_COMPILATION_CONDITIONS = DEBUG;
				SWIFT_OPTIMIZATION_LEVEL = "-Onone";
			};
			name = Debug;
		};
		DD28F73E23BE290C00828202 /* Release */ = {
			isa = XCBuildConfiguration;
			buildSettings = {
				ALWAYS_SEARCH_USER_PATHS = NO;
				CLANG_ANALYZER_NONNULL = YES;
				CLANG_ANALYZER_NUMBER_OBJECT_CONVERSION = YES_AGGRESSIVE;
				CLANG_CXX_LANGUAGE_STANDARD = "gnu++14";
				CLANG_CXX_LIBRARY = "libc++";
				CLANG_ENABLE_MODULES = YES;
				CLANG_ENABLE_OBJC_ARC = YES;
				CLANG_ENABLE_OBJC_WEAK = YES;
				CLANG_WARN_BLOCK_CAPTURE_AUTORELEASING = YES;
				CLANG_WARN_BOOL_CONVERSION = YES;
				CLANG_WARN_COMMA = YES;
				CLANG_WARN_CONSTANT_CONVERSION = YES;
				CLANG_WARN_DEPRECATED_OBJC_IMPLEMENTATIONS = YES;
				CLANG_WARN_DIRECT_OBJC_ISA_USAGE = YES_ERROR;
				CLANG_WARN_DOCUMENTATION_COMMENTS = YES;
				CLANG_WARN_EMPTY_BODY = YES;
				CLANG_WARN_ENUM_CONVERSION = YES;
				CLANG_WARN_INFINITE_RECURSION = YES;
				CLANG_WARN_INT_CONVERSION = YES;
				CLANG_WARN_NON_LITERAL_NULL_CONVERSION = YES;
				CLANG_WARN_OBJC_IMPLICIT_RETAIN_SELF = YES;
				CLANG_WARN_OBJC_LITERAL_CONVERSION = YES;
				CLANG_WARN_OBJC_ROOT_CLASS = YES_ERROR;
				CLANG_WARN_RANGE_LOOP_ANALYSIS = YES;
				CLANG_WARN_STRICT_PROTOTYPES = YES;
				CLANG_WARN_SUSPICIOUS_MOVE = YES;
				CLANG_WARN_UNGUARDED_AVAILABILITY = YES_AGGRESSIVE;
				CLANG_WARN_UNREACHABLE_CODE = YES;
				CLANG_WARN__DUPLICATE_METHOD_MATCH = YES;
				COPY_PHASE_STRIP = NO;
				DEBUG_INFORMATION_FORMAT = "dwarf-with-dsym";
				ENABLE_NS_ASSERTIONS = NO;
				ENABLE_STRICT_OBJC_MSGSEND = YES;
				GCC_C_LANGUAGE_STANDARD = gnu11;
				GCC_NO_COMMON_BLOCKS = YES;
				GCC_WARN_64_TO_32_BIT_CONVERSION = YES;
				GCC_WARN_ABOUT_RETURN_TYPE = YES_ERROR;
				GCC_WARN_UNDECLARED_SELECTOR = YES;
				GCC_WARN_UNINITIALIZED_AUTOS = YES_AGGRESSIVE;
				GCC_WARN_UNUSED_FUNCTION = YES;
				GCC_WARN_UNUSED_VARIABLE = YES;
				IPHONEOS_DEPLOYMENT_TARGET = 13.2;
				MTL_ENABLE_DEBUG_INFO = NO;
				MTL_FAST_MATH = YES;
				SDKROOT = iphoneos;
				SWIFT_COMPILATION_MODE = wholemodule;
				SWIFT_OPTIMIZATION_LEVEL = "-O";
				VALIDATE_PRODUCT = YES;
			};
			name = Release;
		};
		DD28F74023BE290C00828202 /* Debug */ = {
			isa = XCBuildConfiguration;
			buildSettings = {
				ASSETCATALOG_COMPILER_APPICON_NAME = AppIcon;
				CODE_SIGN_STYLE = Automatic;
				DEVELOPMENT_TEAM = 4YG2RL35BX;
				INFOPLIST_FILE = "Test-github/Info.plist";
				LD_RUNPATH_SEARCH_PATHS = (
					"$(inherited)",
					"@executable_path/Frameworks",
				);
				PRODUCT_BUNDLE_IDENTIFIER = "com.Quadrant.Test-github";
				PRODUCT_NAME = "$(TARGET_NAME)";
				SWIFT_VERSION = 5.0;
				TARGETED_DEVICE_FAMILY = "1,2";
			};
			name = Debug;
		};
		DD28F74123BE290C00828202 /* Release */ = {
			isa = XCBuildConfiguration;
			buildSettings = {
				ASSETCATALOG_COMPILER_APPICON_NAME = AppIcon;
				CODE_SIGN_STYLE = Automatic;
				DEVELOPMENT_TEAM = 4YG2RL35BX;
				INFOPLIST_FILE = "Test-github/Info.plist";
				LD_RUNPATH_SEARCH_PATHS = (
					"$(inherited)",
					"@executable_path/Frameworks",
				);
				PRODUCT_BUNDLE_IDENTIFIER = "com.Quadrant.Test-github";
				PRODUCT_NAME = "$(TARGET_NAME)";
				SWIFT_VERSION = 5.0;
				TARGETED_DEVICE_FAMILY = "1,2";
			};
			name = Release;
		};
/* End XCBuildConfiguration section */

/* Begin XCConfigurationList section */
		DD28F72323BE290A00828202 /* Build configuration list for PBXProject "Test-github" */ = {
			isa = XCConfigurationList;
			buildConfigurations = (
				DD28F73D23BE290C00828202 /* Debug */,
				DD28F73E23BE290C00828202 /* Release */,
			);
			defaultConfigurationIsVisible = 0;
			defaultConfigurationName = Release;
		};
		DD28F73F23BE290C00828202 /* Build configuration list for PBXNativeTarget "Test-github" */ = {
			isa = XCConfigurationList;
			buildConfigurations = (
				DD28F74023BE290C00828202 /* Debug */,
				DD28F74123BE290C00828202 /* Release */,
			);
			defaultConfigurationIsVisible = 0;
			defaultConfigurationName = Release;
		};
/* End XCConfigurationList section */

/* Begin XCVersionGroup section */
		DD28F73423BE290B00828202 /* Test_github.xcdatamodeld */ = {
			isa = XCVersionGroup;
			children = (
				DD28F73523BE290B00828202 /* Test_github.xcdatamodel */,
			);
			currentVersion = DD28F73523BE290B00828202 /* Test_github.xcdatamodel */;
			path = Test_github.xcdatamodeld;
			sourceTree = "<group>";
			versionGroupType = wrapper.xcdatamodel;
		};
/* End XCVersionGroup section */
	};
	rootObject = DD28F72023BE290A00828202 /* Project object */;
}
